// !$*UTF8*$!
{
	archiveVersion = 1;
	classes = {
	};
	objectVersion = 48;
	objects = {

/* Begin PBXBuildFile section */
		034712BA209228C400DB9D82 /* AppDelegate.swift in Sources */ = {isa = PBXBuildFile; fileRef = 034712B9209228C400DB9D82 /* AppDelegate.swift */; };
		034712BC209228C400DB9D82 /* ViewController.swift in Sources */ = {isa = PBXBuildFile; fileRef = 034712BB209228C400DB9D82 /* ViewController.swift */; };
		034712BF209228C400DB9D82 /* Main.storyboard in Resources */ = {isa = PBXBuildFile; fileRef = 034712BD209228C400DB9D82 /* Main.storyboard */; };
		034712C1209228C400DB9D82 /* Assets.xcassets in Resources */ = {isa = PBXBuildFile; fileRef = 034712C0209228C400DB9D82 /* Assets.xcassets */; };
		034712C4209228C400DB9D82 /* LaunchScreen.storyboard in Resources */ = {isa = PBXBuildFile; fileRef = 034712C2209228C400DB9D82 /* LaunchScreen.storyboard */; };
		034712CC209229F000DB9D82 /* PickerTextField.swift in Sources */ = {isa = PBXBuildFile; fileRef = 034712CB209229F000DB9D82 /* PickerTextField.swift */; };
		034712CE20922B8700DB9D82 /* PickerViewModelProtocol.swift in Sources */ = {isa = PBXBuildFile; fileRef = 034712CD20922B8700DB9D82 /* PickerViewModelProtocol.swift */; };
		0355553E20922F720002B2C8 /* TestPickerViewModel.swift in Sources */ = {isa = PBXBuildFile; fileRef = 0355553D20922F720002B2C8 /* TestPickerViewModel.swift */; };
		03555540209232C80002B2C8 /* BasePickerViewModel.swift in Sources */ = {isa = PBXBuildFile; fileRef = 0355553F209232C80002B2C8 /* BasePickerViewModel.swift */; };
/* End PBXBuildFile section */

/* Begin PBXFileReference section */
		034712B6209228C400DB9D82 /* CustomPicker.app */ = {isa = PBXFileReference; explicitFileType = wrapper.application; includeInIndex = 0; path = CustomPicker.app; sourceTree = BUILT_PRODUCTS_DIR; };
		034712B9209228C400DB9D82 /* AppDelegate.swift */ = {isa = PBXFileReference; lastKnownFileType = sourcecode.swift; path = AppDelegate.swift; sourceTree = "<group>"; };
		034712BB209228C400DB9D82 /* ViewController.swift */ = {isa = PBXFileReference; lastKnownFileType = sourcecode.swift; path = ViewController.swift; sourceTree = "<group>"; };
		034712BE209228C400DB9D82 /* Base */ = {isa = PBXFileReference; lastKnownFileType = file.storyboard; name = Base; path = Base.lproj/Main.storyboard; sourceTree = "<group>"; };
		034712C0209228C400DB9D82 /* Assets.xcassets */ = {isa = PBXFileReference; lastKnownFileType = folder.assetcatalog; path = Assets.xcassets; sourceTree = "<group>"; };
		034712C3209228C400DB9D82 /* Base */ = {isa = PBXFileReference; lastKnownFileType = file.storyboard; name = Base; path = Base.lproj/LaunchScreen.storyboard; sourceTree = "<group>"; };
		034712C5209228C400DB9D82 /* Info.plist */ = {isa = PBXFileReference; lastKnownFileType = text.plist.xml; path = Info.plist; sourceTree = "<group>"; };
		034712CB209229F000DB9D82 /* PickerTextField.swift */ = {isa = PBXFileReference; lastKnownFileType = sourcecode.swift; path = PickerTextField.swift; sourceTree = "<group>"; };
		034712CD20922B8700DB9D82 /* PickerViewModelProtocol.swift */ = {isa = PBXFileReference; lastKnownFileType = sourcecode.swift; path = PickerViewModelProtocol.swift; sourceTree = "<group>"; };
		0355553D20922F720002B2C8 /* TestPickerViewModel.swift */ = {isa = PBXFileReference; lastKnownFileType = sourcecode.swift; path = TestPickerViewModel.swift; sourceTree = "<group>"; };
		0355553F209232C80002B2C8 /* BasePickerViewModel.swift */ = {isa = PBXFileReference; lastKnownFileType = sourcecode.swift; path = BasePickerViewModel.swift; sourceTree = "<group>"; };
/* End PBXFileReference section */

/* Begin PBXFrameworksBuildPhase section */
		034712B3209228C400DB9D82 /* Frameworks */ = {
			isa = PBXFrameworksBuildPhase;
			buildActionMask = 2147483647;
			files = (
			);
			runOnlyForDeploymentPostprocessing = 0;
		};
/* End PBXFrameworksBuildPhase section */

/* Begin PBXGroup section */
		034712AD209228C400DB9D82 = {
			isa = PBXGroup;
			children = (
				034712B8209228C400DB9D82 /* CustomPicker */,
				034712B7209228C400DB9D82 /* Products */,
			);
			sourceTree = "<group>";
		};
		034712B7209228C400DB9D82 /* Products */ = {
			isa = PBXGroup;
			children = (
				034712B6209228C400DB9D82 /* CustomPicker.app */,
			);
			name = Products;
			sourceTree = "<group>";
		};
		034712B8209228C400DB9D82 /* CustomPicker */ = {
			isa = PBXGroup;
			children = (
				0355554120924D6D0002B2C8 /* PickerComponents */,
				034712B9209228C400DB9D82 /* AppDelegate.swift */,
				0355553D20922F720002B2C8 /* TestPickerViewModel.swift */,
				034712BB209228C400DB9D82 /* ViewController.swift */,
				034712BD209228C400DB9D82 /* Main.storyboard */,
				034712C0209228C400DB9D82 /* Assets.xcassets */,
				034712C2209228C400DB9D82 /* LaunchScreen.storyboard */,
				034712C5209228C400DB9D82 /* Info.plist */,
			);
			path = CustomPicker;
			sourceTree = "<group>";
		};
		0355554120924D6D0002B2C8 /* PickerComponents */ = {
			isa = PBXGroup;
			children = (
				034712CB209229F000DB9D82 /* PickerTextField.swift */,
				034712CD20922B8700DB9D82 /* PickerViewModelProtocol.swift */,
				0355553F209232C80002B2C8 /* BasePickerViewModel.swift */,
			);
			path = PickerComponents;
			sourceTree = "<group>";
		};
/* End PBXGroup section */

/* Begin PBXNativeTarget section */
		034712B5209228C400DB9D82 /* CustomPicker */ = {
			isa = PBXNativeTarget;
			buildConfigurationList = 034712C8209228C400DB9D82 /* Build configuration list for PBXNativeTarget "CustomPicker" */;
			buildPhases = (
				034712B2209228C400DB9D82 /* Sources */,
				034712B3209228C400DB9D82 /* Frameworks */,
				034712B4209228C400DB9D82 /* Resources */,
			);
			buildRules = (
			);
			dependencies = (
			);
			name = CustomPicker;
			productName = CustomPicker;
			productReference = 034712B6209228C400DB9D82 /* CustomPicker.app */;
			productType = "com.apple.product-type.application";
		};
/* End PBXNativeTarget section */

/* Begin PBXProject section */
		034712AE209228C400DB9D82 /* Project object */ = {
			isa = PBXProject;
			attributes = {
				LastSwiftUpdateCheck = 0920;
				LastUpgradeCheck = 0920;
				ORGANIZATIONNAME = Kentarou;
				TargetAttributes = {
					034712B5209228C400DB9D82 = {
						CreatedOnToolsVersion = 9.2;
						ProvisioningStyle = Automatic;
					};
				};
			};
			buildConfigurationList = 034712B1209228C400DB9D82 /* Build configuration list for PBXProject "CustomPicker" */;
			compatibilityVersion = "Xcode 8.0";
			developmentRegion = en;
			hasScannedForEncodings = 0;
			knownRegions = (
				en,
				Base,
			);
			mainGroup = 034712AD209228C400DB9D82;
			productRefGroup = 034712B7209228C400DB9D82 /* Products */;
			projectDirPath = "";
			projectRoot = "";
			targets = (
				034712B5209228C400DB9D82 /* CustomPicker */,
			);
		};
/* End PBXProject section */

/* Begin PBXResourcesBuildPhase section */
		034712B4209228C400DB9D82 /* Resources */ = {
			isa = PBXResourcesBuildPhase;
			buildActionMask = 2147483647;
			files = (
				034712C4209228C400DB9D82 /* LaunchScreen.storyboard in Resources */,
				034712C1209228C400DB9D82 /* Assets.xcassets in Resources */,
				034712BF209228C400DB9D82 /* Main.storyboard in Resources */,
			);
			runOnlyForDeploymentPostprocessing = 0;
		};
/* End PBXResourcesBuildPhase section */

/* Begin PBXSourcesBuildPhase section */
		034712B2209228C400DB9D82 /* Sources */ = {
			isa = PBXSourcesBuildPhase;
			buildActionMask = 2147483647;
			files = (
				0355553E20922F720002B2C8 /* TestPickerViewModel.swift in Sources */,
				034712BC209228C400DB9D82 /* ViewController.swift in Sources */,
				034712BA209228C400DB9D82 /* AppDelegate.swift in Sources */,
				034712CE20922B8700DB9D82 /* PickerViewModelProtocol.swift in Sources */,
				034712CC209229F000DB9D82 /* PickerTextField.swift in Sources */,
				03555540209232C80002B2C8 /* BasePickerViewModel.swift in Sources */,
			);
			runOnlyForDeploymentPostprocessing = 0;
		};
/* End PBXSourcesBuildPhase section */

/* Begin PBXVariantGroup section */
		034712BD209228C400DB9D82 /* Main.storyboard */ = {
			isa = PBXVariantGroup;
			children = (
				034712BE209228C400DB9D82 /* Base */,
			);
			name = Main.storyboard;
			sourceTree = "<group>";
		};
		034712C2209228C400DB9D82 /* LaunchScreen.storyboard */ = {
			isa = PBXVariantGroup;
			children = (
				034712C3209228C400DB9D82 /* Base */,
			);
			name = LaunchScreen.storyboard;
			sourceTree = "<group>";
		};
/* End PBXVariantGroup section */

/* Begin XCBuildConfiguration section */
		034712C6209228C400DB9D82 /* Debug */ = {
			isa = XCBuildConfiguration;
			buildSettings = {
				ALWAYS_SEARCH_USER_PATHS = NO;
				CLANG_ANALYZER_NONNULL = YES;
				CLANG_ANALYZER_NUMBER_OBJECT_CONVERSION = YES_AGGRESSIVE;
				CLANG_CXX_LANGUAGE_STANDARD = "gnu++14";
				CLANG_CXX_LIBRARY = "libc++";
				CLANG_ENABLE_MODULES = YES;
				CLANG_ENABLE_OBJC_ARC = YES;
				CLANG_WARN_BLOCK_CAPTURE_AUTORELEASING = YES;
				CLANG_WARN_BOOL_CONVERSION = YES;
				CLANG_WARN_COMMA = YES;
				CLANG_WARN_CONSTANT_CONVERSION = YES;
				CLANG_WARN_DIRECT_OBJC_ISA_USAGE = YES_ERROR;
				CLANG_WARN_DOCUMENTATION_COMMENTS = YES;
				CLANG_WARN_EMPTY_BODY = YES;
				CLANG_WARN_ENUM_CONVERSION = YES;
				CLANG_WARN_INFINITE_RECURSION = YES;
				CLANG_WARN_INT_CONVERSION = YES;
				CLANG_WARN_NON_LITERAL_NULL_CONVERSION = YES;
				CLANG_WARN_OBJC_LITERAL_CONVERSION = YES;
				CLANG_WARN_OBJC_ROOT_CLASS = YES_ERROR;
				CLANG_WARN_RANGE_LOOP_ANALYSIS = YES;
				CLANG_WARN_STRICT_PROTOTYPES = YES;
				CLANG_WARN_SUSPICIOUS_MOVE = YES;
				CLANG_WARN_UNGUARDED_AVAILABILITY = YES_AGGRESSIVE;
				CLANG_WARN_UNREACHABLE_CODE = YES;
				CLANG_WARN__DUPLICATE_METHOD_MATCH = YES;
				CODE_SIGN_IDENTITY = "iPhone Developer";
				COPY_PHASE_STRIP = NO;
				DEBUG_INFORMATION_FORMAT = dwarf;
				ENABLE_STRICT_OBJC_MSGSEND = YES;
				ENABLE_TESTABILITY = YES;
				GCC_C_LANGUAGE_STANDARD = gnu11;
				GCC_DYNAMIC_NO_PIC = NO;
				GCC_NO_COMMON_BLOCKS = YES;
				GCC_OPTIMIZATION_LEVEL = 0;
				GCC_PREPROCESSOR_DEFINITIONS = (
					"DEBUG=1",
					"$(inherited)",
				);
				GCC_WARN_64_TO_32_BIT_CONVERSION = YES;
				GCC_WARN_ABOUT_RETURN_TYPE = YES_ERROR;
				GCC_WARN_UNDECLARED_SELECTOR = YES;
				GCC_WARN_UNINITIALIZED_AUTOS = YES_AGGRESSIVE;
				GCC_WARN_UNUSED_FUNCTION = YES;
				GCC_WARN_UNUSED_VARIABLE = YES;
				IPHONEOS_DEPLOYMENT_TARGET = 11.2;
				MTL_ENABLE_DEBUG_INFO = YES;
				ONLY_ACTIVE_ARCH = YES;
				SDKROOT = iphoneos;
				SWIFT_ACTIVE_COMPILATION_CONDITIONS = DEBUG;
				SWIFT_OPTIMIZATION_LEVEL = "-Onone";
			};
			name = Debug;
		};
		034712C7209228C400DB9D82 /* Release */ = {
			isa = XCBuildConfiguration;
			buildSettings = {
				ALWAYS_SEARCH_USER_PATHS = NO;
				CLANG_ANALYZER_NONNULL = YES;
				CLANG_ANALYZER_NUMBER_OBJECT_CONVERSION = YES_AGGRESSIVE;
				CLANG_CXX_LANGUAGE_STANDARD = "gnu++14";
				CLANG_CXX_LIBRARY = "libc++";
				CLANG_ENABLE_MODULES = YES;
				CLANG_ENABLE_OBJC_ARC = YES;
				CLANG_WARN_BLOCK_CAPTURE_AUTORELEASING = YES;
				CLANG_WARN_BOOL_CONVERSION = YES;
				CLANG_WARN_COMMA = YES;
				CLANG_WARN_CONSTANT_CONVERSION = YES;
				CLANG_WARN_DIRECT_OBJC_ISA_USAGE = YES_ERROR;
				CLANG_WARN_DOCUMENTATION_COMMENTS = YES;
				CLANG_WARN_EMPTY_BODY = YES;
				CLANG_WARN_ENUM_CONVERSION = YES;
				CLANG_WARN_INFINITE_RECURSION = YES;
				CLANG_WARN_INT_CONVERSION = YES;
				CLANG_WARN_NON_LITERAL_NULL_CONVERSION = YES;
				CLANG_WARN_OBJC_LITERAL_CONVERSION = YES;
				CLANG_WARN_OBJC_ROOT_CLASS = YES_ERROR;
				CLANG_WARN_RANGE_LOOP_ANALYSIS = YES;
				CLANG_WARN_STRICT_PROTOTYPES = YES;
				CLANG_WARN_SUSPICIOUS_MOVE = YES;
				CLANG_WARN_UNGUARDED_AVAILABILITY = YES_AGGRESSIVE;
				CLANG_WARN_UNREACHABLE_CODE = YES;
				CLANG_WARN__DUPLICATE_METHOD_MATCH = YES;
				CODE_SIGN_IDENTITY = "iPhone Developer";
				COPY_PHASE_STRIP = NO;
				DEBUG_INFORMATION_FORMAT = "dwarf-with-dsym";
				ENABLE_NS_ASSERTIONS = NO;
				ENABLE_STRICT_OBJC_MSGSEND = YES;
				GCC_C_LANGUAGE_STANDARD = gnu11;
				GCC_NO_COMMON_BLOCKS = YES;
				GCC_WARN_64_TO_32_BIT_CONVERSION = YES;
				GCC_WARN_ABOUT_RETURN_TYPE = YES_ERROR;
				GCC_WARN_UNDECLARED_SELECTOR = YES;
				GCC_WARN_UNINITIALIZED_AUTOS = YES_AGGRESSIVE;
				GCC_WARN_UNUSED_FUNCTION = YES;
				GCC_WARN_UNUSED_VARIABLE = YES;
				IPHONEOS_DEPLOYMENT_TARGET = 11.2;
				MTL_ENABLE_DEBUG_INFO = NO;
				SDKROOT = iphoneos;
				SWIFT_OPTIMIZATION_LEVEL = "-Owholemodule";
				VALIDATE_PRODUCT = YES;
			};
			name = Release;
		};
		034712C9209228C400DB9D82 /* Debug */ = {
			isa = XCBuildConfiguration;
			buildSettings = {
				ASSETCATALOG_COMPILER_APPICON_NAME = AppIcon;
				CODE_SIGN_IDENTITY = "iPhone Developer";
				CODE_SIGN_STYLE = Automatic;
				DEVELOPMENT_TEAM = ZGDYV3KT3T;
				INFOPLIST_FILE = CustomPicker/Info.plist;
				LD_RUNPATH_SEARCH_PATHS = "$(inherited) @executable_path/Frameworks";
				PRODUCT_BUNDLE_IDENTIFIER = "Kentarou-Tsurumoto.CustomPicker";
				PRODUCT_NAME = "$(TARGET_NAME)";
				PROVISIONING_PROFILE_SPECIFIER = "";
				SWIFT_VERSION = 4.0;
				TARGETED_DEVICE_FAMILY = "1,2";
			};
			name = Debug;
		};
		034712CA209228C400DB9D82 /* Release */ = {
			isa = XCBuildConfiguration;
			buildSettings = {
				ASSETCATALOG_COMPILER_APPICON_NAME = AppIcon;
				CODE_SIGN_IDENTITY = "iPhone Developer";
				CODE_SIGN_STYLE = Automatic;
				DEVELOPMENT_TEAM = ZGDYV3KT3T;
				INFOPLIST_FILE = CustomPicker/Info.plist;
				LD_RUNPATH_SEARCH_PATHS = "$(inherited) @executable_path/Frameworks";
				PRODUCT_BUNDLE_IDENTIFIER = "Kentarou-Tsurumoto.CustomPicker";
				PRODUCT_NAME = "$(TARGET_NAME)";
				PROVISIONING_PROFILE_SPECIFIER = "";
				SWIFT_VERSION = 4.0;
				TARGETED_DEVICE_FAMILY = "1,2";
			};
			name = Release;
		};
/* End XCBuildConfiguration section */

/* Begin XCConfigurationList section */
		034712B1209228C400DB9D82 /* Build configuration list for PBXProject "CustomPicker" */ = {
			isa = XCConfigurationList;
			buildConfigurations = (
				034712C6209228C400DB9D82 /* Debug */,
				034712C7209228C400DB9D82 /* Release */,
			);
			defaultConfigurationIsVisible = 0;
			defaultConfigurationName = Release;
		};
		034712C8209228C400DB9D82 /* Build configuration list for PBXNativeTarget "CustomPicker" */ = {
			isa = XCConfigurationList;
			buildConfigurations = (
				034712C9209228C400DB9D82 /* Debug */,
				034712CA209228C400DB9D82 /* Release */,
			);
			defaultConfigurationIsVisible = 0;
			defaultConfigurationName = Release;
		};
/* End XCConfigurationList section */
	};
	rootObject = 034712AE209228C400DB9D82 /* Project object */;
}
